
Microsoft Visual Studio Solution File, Format Version 12.00
# Visual Studio Version 17
VisualStudioVersion = 17.12.35707.178
MinimumVisualStudioVersion = 10.0.40219.1
Project("{2150E333-8FDC-42A3-9474-1A3956D46DE8}") = "Core", "Core", "{C393FD40-7896-4D24-8148-DA67C09AB527}"
EndProject
Project("{FAE04EC0-301F-11D3-BF4B-00C04F79EFBC}") = "SGHR.Domain", "SGHR.Domain\SGHR.Domain.csproj", "{D67073A7-D02F-4E31-B224-5715E1C1C596}"
EndProject
Project("{FAE04EC0-301F-11D3-BF4B-00C04F79EFBC}") = "SGHR.Model", "SGHR.Model\SGHR.Model.csproj", "{50A84F9C-96FD-496C-8098-9556A86B5E27}"
EndProject
Project("{2150E333-8FDC-42A3-9474-1A3956D46DE8}") = "Backend", "Backend", "{8D5D766E-04BE-4564-AED5-CE55747BA610}"
EndProject
Project("{2150E333-8FDC-42A3-9474-1A3956D46DE8}") = "Infraestructure", "Infraestructure", "{8ED2BAA4-ECB0-4682-AB45-F8D422FA9278}"
EndProject
Project("{FAE04EC0-301F-11D3-BF4B-00C04F79EFBC}") = "SGHR.Infraestructure", "SGHR.Infraestructure\SGHR.Infraestructure.csproj", "{FC24E276-D0CB-4708-9BFF-C0D9A15E860E}"
EndProject
Project("{FAE04EC0-301F-11D3-BF4B-00C04F79EFBC}") = "SGHR.Persistence", "SGHR.Persistence\SGHR.Persistence.csproj", "{D12733AD-3324-4BE2-BAE5-6011BBA16447}"
EndProject
Project("{2150E333-8FDC-42A3-9474-1A3956D46DE8}") = "Application", "Application", "{788036DE-4D5F-4998-B06F-FCEAF681BDE3}"
EndProject
Project("{FAE04EC0-301F-11D3-BF4B-00C04F79EFBC}") = "SGHR.Application", "SGHR.Application\SGHR.Application.csproj", "{F9EFCCDE-99BA-45A2-8FFE-77495A389FE5}"
EndProject
Project("{2150E333-8FDC-42A3-9474-1A3956D46DE8}") = "IOC", "IOC", "{C25C1AD3-1F17-4B0E-AC83-FB5B4660C866}"
EndProject
Project("{FAE04EC0-301F-11D3-BF4B-00C04F79EFBC}") = "SGHR.IOC", "SGHR.IOC\SGHR.IOC.csproj", "{2B2ED262-F33A-46F3-8057-A05BC9D6FEF2}"
EndProject
Project("{2150E333-8FDC-42A3-9474-1A3956D46DE8}") = "API", "API", "{2F4DB1ED-416B-44FF-A81C-4BEE6D4E14AF}"
EndProject
Project("{FAE04EC0-301F-11D3-BF4B-00C04F79EFBC}") = "SGHR.Api", "SGHR.Api\SGHR.Api.csproj", "{650AD3CE-5FFC-4B8E-A60B-80DD2E625D13}"
EndProject
Project("{2150E333-8FDC-42A3-9474-1A3956D46DE8}") = "Web", "Web", "{E63E8C50-F0D1-42EB-AC10-2628D7AE5D39}"
EndProject
Project("{FAE04EC0-301F-11D3-BF4B-00C04F79EFBC}") = "SGHR.Web", "SGHR.Web\SGHR.Web.csproj", "{AF9B0298-96E1-4736-BBC3-73D6D13362DF}"
EndProject
Project("{2150E333-8FDC-42A3-9474-1A3956D46DE8}") = "Test", "Test", "{3A77E86F-89B2-40B8-A3C4-418FE1D474CB}"
EndProject
Project("{FAE04EC0-301F-11D3-BF4B-00C04F79EFBC}") = "SGHR.Application.Test", "SGHR.Application.Test\SGHR.Application.Test.csproj", "{FCEC6EBB-6071-4519-8FD7-0407D614A39F}"
EndProject
Project("{FAE04EC0-301F-11D3-BF4B-00C04F79EFBC}") = "SGHR.Persistence.Test", "SGHR.Persistence.Test\SGHR.Persistence.Test.csproj", "{29FF5282-0433-4514-B8C8-BC3DA0C95867}"
EndProject
Project("{2150E333-8FDC-42A3-9474-1A3956D46DE8}") = "Frontend", "Frontend", "{4519790B-138F-4A62-930F-8D42E8977154}"
EndProject
Global
	GlobalSection(SolutionConfigurationPlatforms) = preSolution
		Debug|Any CPU = Debug|Any CPU
		Release|Any CPU = Release|Any CPU
	EndGlobalSection
	GlobalSection(ProjectConfigurationPlatforms) = postSolution
		{D67073A7-D02F-4E31-B224-5715E1C1C596}.Debug|Any CPU.ActiveCfg = Debug|Any CPU
		{D67073A7-D02F-4E31-B224-5715E1C1C596}.Debug|Any CPU.Build.0 = Debug|Any CPU
		{D67073A7-D02F-4E31-B224-5715E1C1C596}.Release|Any CPU.ActiveCfg = Release|Any CPU
		{D67073A7-D02F-4E31-B224-5715E1C1C596}.Release|Any CPU.Build.0 = Release|Any CPU
		{50A84F9C-96FD-496C-8098-9556A86B5E27}.Debug|Any CPU.ActiveCfg = Debug|Any CPU
		{50A84F9C-96FD-496C-8098-9556A86B5E27}.Debug|Any CPU.Build.0 = Debug|Any CPU
		{50A84F9C-96FD-496C-8098-9556A86B5E27}.Release|Any CPU.ActiveCfg = Release|Any CPU
		{50A84F9C-96FD-496C-8098-9556A86B5E27}.Release|Any CPU.Build.0 = Release|Any CPU
		{FC24E276-D0CB-4708-9BFF-C0D9A15E860E}.Debug|Any CPU.ActiveCfg = Debug|Any CPU
		{FC24E276-D0CB-4708-9BFF-C0D9A15E860E}.Debug|Any CPU.Build.0 = Debug|Any CPU
		{FC24E276-D0CB-4708-9BFF-C0D9A15E860E}.Release|Any CPU.ActiveCfg = Release|Any CPU
		{FC24E276-D0CB-4708-9BFF-C0D9A15E860E}.Release|Any CPU.Build.0 = Release|Any CPU
		{D12733AD-3324-4BE2-BAE5-6011BBA16447}.Debug|Any CPU.ActiveCfg = Debug|Any CPU
		{D12733AD-3324-4BE2-BAE5-6011BBA16447}.Debug|Any CPU.Build.0 = Debug|Any CPU
		{D12733AD-3324-4BE2-BAE5-6011BBA16447}.Release|Any CPU.ActiveCfg = Release|Any CPU
		{D12733AD-3324-4BE2-BAE5-6011BBA16447}.Release|Any CPU.Build.0 = Release|Any CPU
		{F9EFCCDE-99BA-45A2-8FFE-77495A389FE5}.Debug|Any CPU.ActiveCfg = Debug|Any CPU
		{F9EFCCDE-99BA-45A2-8FFE-77495A389FE5}.Debug|Any CPU.Build.0 = Debug|Any CPU
		{F9EFCCDE-99BA-45A2-8FFE-77495A389FE5}.Release|Any CPU.ActiveCfg = Release|Any CPU
		{F9EFCCDE-99BA-45A2-8FFE-77495A389FE5}.Release|Any CPU.Build.0 = Release|Any CPU
		{2B2ED262-F33A-46F3-8057-A05BC9D6FEF2}.Debug|Any CPU.ActiveCfg = Debug|Any CPU
		{2B2ED262-F33A-46F3-8057-A05BC9D6FEF2}.Debug|Any CPU.Build.0 = Debug|Any CPU
		{2B2ED262-F33A-46F3-8057-A05BC9D6FEF2}.Release|Any CPU.ActiveCfg = Release|Any CPU
		{2B2ED262-F33A-46F3-8057-A05BC9D6FEF2}.Release|Any CPU.Build.0 = Release|Any CPU
		{650AD3CE-5FFC-4B8E-A60B-80DD2E625D13}.Debug|Any CPU.ActiveCfg = Debug|Any CPU
		{650AD3CE-5FFC-4B8E-A60B-80DD2E625D13}.Debug|Any CPU.Build.0 = Debug|Any CPU
		{650AD3CE-5FFC-4B8E-A60B-80DD2E625D13}.Release|Any CPU.ActiveCfg = Release|Any CPU
		{650AD3CE-5FFC-4B8E-A60B-80DD2E625D13}.Release|Any CPU.Build.0 = Release|Any CPU
		{AF9B0298-96E1-4736-BBC3-73D6D13362DF}.Debug|Any CPU.ActiveCfg = Debug|Any CPU
		{AF9B0298-96E1-4736-BBC3-73D6D13362DF}.Debug|Any CPU.Build.0 = Debug|Any CPU
		{AF9B0298-96E1-4736-BBC3-73D6D13362DF}.Release|Any CPU.ActiveCfg = Release|Any CPU
		{AF9B0298-96E1-4736-BBC3-73D6D13362DF}.Release|Any CPU.Build.0 = Release|Any CPU
		{FCEC6EBB-6071-4519-8FD7-0407D614A39F}.Debug|Any CPU.ActiveCfg = Debug|Any CPU
		{FCEC6EBB-6071-4519-8FD7-0407D614A39F}.Debug|Any CPU.Build.0 = Debug|Any CPU
		{FCEC6EBB-6071-4519-8FD7-0407D614A39F}.Release|Any CPU.ActiveCfg = Release|Any CPU
		{FCEC6EBB-6071-4519-8FD7-0407D614A39F}.Release|Any CPU.Build.0 = Release|Any CPU
		{29FF5282-0433-4514-B8C8-BC3DA0C95867}.Debug|Any CPU.ActiveCfg = Debug|Any CPU
		{29FF5282-0433-4514-B8C8-BC3DA0C95867}.Debug|Any CPU.Build.0 = Debug|Any CPU
		{29FF5282-0433-4514-B8C8-BC3DA0C95867}.Release|Any CPU.ActiveCfg = Release|Any CPU
		{29FF5282-0433-4514-B8C8-BC3DA0C95867}.Release|Any CPU.Build.0 = Release|Any CPU
	EndGlobalSection
	GlobalSection(SolutionProperties) = preSolution
		HideSolutionNode = FALSE
	EndGlobalSection
	GlobalSection(NestedProjects) = preSolution
		{C393FD40-7896-4D24-8148-DA67C09AB527} = {8D5D766E-04BE-4564-AED5-CE55747BA610}
		{D67073A7-D02F-4E31-B224-5715E1C1C596} = {C393FD40-7896-4D24-8148-DA67C09AB527}
		{50A84F9C-96FD-496C-8098-9556A86B5E27} = {C393FD40-7896-4D24-8148-DA67C09AB527}
		{8ED2BAA4-ECB0-4682-AB45-F8D422FA9278} = {8D5D766E-04BE-4564-AED5-CE55747BA610}
		{FC24E276-D0CB-4708-9BFF-C0D9A15E860E} = {8ED2BAA4-ECB0-4682-AB45-F8D422FA9278}
		{D12733AD-3324-4BE2-BAE5-6011BBA16447} = {8ED2BAA4-ECB0-4682-AB45-F8D422FA9278}
		{788036DE-4D5F-4998-B06F-FCEAF681BDE3} = {8D5D766E-04BE-4564-AED5-CE55747BA610}
		{F9EFCCDE-99BA-45A2-8FFE-77495A389FE5} = {788036DE-4D5F-4998-B06F-FCEAF681BDE3}
		{C25C1AD3-1F17-4B0E-AC83-FB5B4660C866} = {8D5D766E-04BE-4564-AED5-CE55747BA610}
		{2B2ED262-F33A-46F3-8057-A05BC9D6FEF2} = {C25C1AD3-1F17-4B0E-AC83-FB5B4660C866}
		{2F4DB1ED-416B-44FF-A81C-4BEE6D4E14AF} = {8D5D766E-04BE-4564-AED5-CE55747BA610}
		{650AD3CE-5FFC-4B8E-A60B-80DD2E625D13} = {2F4DB1ED-416B-44FF-A81C-4BEE6D4E14AF}
		{E63E8C50-F0D1-42EB-AC10-2628D7AE5D39} = {4519790B-138F-4A62-930F-8D42E8977154}
		{AF9B0298-96E1-4736-BBC3-73D6D13362DF} = {E63E8C50-F0D1-42EB-AC10-2628D7AE5D39}
		{3A77E86F-89B2-40B8-A3C4-418FE1D474CB} = {8D5D766E-04BE-4564-AED5-CE55747BA610}
		{FCEC6EBB-6071-4519-8FD7-0407D614A39F} = {3A77E86F-89B2-40B8-A3C4-418FE1D474CB}
		{29FF5282-0433-4514-B8C8-BC3DA0C95867} = {3A77E86F-89B2-40B8-A3C4-418FE1D474CB}
	EndGlobalSection
EndGlobal
